schema: '2.0'
stages:
  prepare:
    cmd: python src/prepare.py
    deps:
    - path: data/raw
      md5: 840fdb9a23c98313dde45246036c291f.dir
      size: 452697142
      nfiles: 5000
    - path: src/prepare.py
      md5: c3613104ec959e6bbee8c628d80042c3
      size: 753
    outs:
    - path: data/prepared
      md5: 4ea878bd3bddd74ea2065fb3b6921925.dir
      size: 299370
      nfiles: 1
  train:
    cmd: python src/train.py
    deps:
    - path: data/prepared/data_list.json
      md5: 20bb7e4446eef9b508f5890c9c224d75
      size: 299370
    - path: data/raw
      md5: 840fdb9a23c98313dde45246036c291f.dir
      size: 452697142
      nfiles: 5000
    - path: src/dataset.py
      md5: 9a08d27ba51674feac3596ce05d08df2
      size: 1670
    - path: src/models.py
      md5: 7c1c24db621c00a8425caef600c5c98c
      size: 2463
    - path: src/train.py
      md5: 180ec96196231088c50db6956f9f7ab0
      size: 2796
    params:
      params.yaml:
        train.epochs: 10
        train.network: customnet
    outs:
    - path: data/weights
      md5: b8991af675220b62e2de64d790e5cfa9.dir
      size: 43038005
      nfiles: 1
  evaluate:
    cmd: python src/evaluate.py
    deps:
    - path: data/prepared/data_list.json
      md5: 20bb7e4446eef9b508f5890c9c224d75
      size: 299370
    - path: data/raw
      md5: 840fdb9a23c98313dde45246036c291f.dir
      size: 452697142
      nfiles: 5000
    - path: data/weights/Best_Acc.pth.gz
      md5: 224f9dd52b4d48dc10ed809f8d043abe
      size: 43038005
    - path: src/dataset.py
      md5: 9a08d27ba51674feac3596ce05d08df2
      size: 1670
    - path: src/models.py
      md5: 7c1c24db621c00a8425caef600c5c98c
      size: 2463
    outs:
    - path: scores.json
      md5: 2f815d0d01ed06b4c00828590f709fbb
      size: 18
