schema: '2.0'
stages:
  prepare:
    cmd: python src/prepare.py
    deps:
    - path: data/raw
      md5: 840fdb9a23c98313dde45246036c291f.dir
      size: 452697142
      nfiles: 5000
    - path: src/prepare.py
      md5: c3613104ec959e6bbee8c628d80042c3
      size: 753
    outs:
    - path: data/prepared
      md5: 4ea878bd3bddd74ea2065fb3b6921925.dir
      size: 299370
      nfiles: 1
  train:
    cmd: python src/train.py
    deps:
    - path: data/prepared/data_list.json
      md5: 20bb7e4446eef9b508f5890c9c224d75
      size: 299370
    - path: data/raw
      md5: 840fdb9a23c98313dde45246036c291f.dir
      size: 452697142
      nfiles: 5000
    - path: src/dataset.py
      md5: 9a08d27ba51674feac3596ce05d08df2
      size: 1670
    - path: src/models.py
      md5: 7c1c24db621c00a8425caef600c5c98c
      size: 2463
    - path: src/train.py
      md5: 180ec96196231088c50db6956f9f7ab0
      size: 2796
    params:
      params.yaml:
        train.epochs: 2
        train.network: resnet18
    outs:
    - path: data/weights
      md5: 39f6e4497e096645caadaff1ecde53ea.dir
      size: 45047945
      nfiles: 1
  evaluate:
    cmd: python src/evaluate.py
    deps:
    - path: data/prepared/data_list.json
      md5: 20bb7e4446eef9b508f5890c9c224d75
      size: 299370
    - path: data/raw
      md5: 840fdb9a23c98313dde45246036c291f.dir
      size: 452697142
      nfiles: 5000
    - path: data/weights/Best_Acc.pth.gz
      md5: 85667c421a5891ff1a167ca9b9eaab5f
      size: 45047945
    - path: src/dataset.py
      md5: 9a08d27ba51674feac3596ce05d08df2
      size: 1670
    - path: src/models.py
      md5: 7c1c24db621c00a8425caef600c5c98c
      size: 2463
    params:
      params.yaml:
        train.network: resnet18
    outs:
    - path: scores.json
      md5: bb68dfa00c1001c859a59d8ba94caf4a
      size: 18
